
Microsoft Visual Studio Solution File, Format Version 12.00
# Visual Studio Version 16
VisualStudioVersion = 16.0.31105.61
MinimumVisualStudioVersion = 10.0.40219.1
Project("{FAE04EC0-301F-11D3-BF4B-00C04F79EFBC}") = "Learning with Bean", "Learning with Bean\Learning with Bean.csproj", "{D755DE92-0887-496D-ABC1-A48462957F77}"
EndProject
Global
	GlobalSection(SolutionConfigurationPlatforms) = preSolution
		Debug|Any CPU = Debug|Any CPU
		Release|Any CPU = Release|Any CPU
	EndGlobalSection
	GlobalSection(ProjectConfigurationPlatforms) = postSolution
		{D755DE92-0887-496D-ABC1-A48462957F77}.Debug|Any CPU.ActiveCfg = Debug|Any CPU
		{D755DE92-0887-496D-ABC1-A48462957F77}.Debug|Any CPU.Build.0 = Debug|Any CPU
		{D755DE92-0887-496D-ABC1-A48462957F77}.Release|Any CPU.ActiveCfg = Release|Any CPU
		{D755DE92-0887-496D-ABC1-A48462957F77}.Release|Any CPU.Build.0 = Release|Any CPU
	EndGlobalSection
	GlobalSection(SolutionProperties) = preSolution
		HideSolutionNode = FALSE
	EndGlobalSection
	GlobalSection(ExtensibilityGlobals) = postSolution
		SolutionGuid = {1BE6D4C3-88CA-4D56-A562-881E149354CE}
	EndGlobalSection
EndGlobal
